
Microsoft Visual Studio Solution File, Format Version 12.00
# Visual Studio Version 16
VisualStudioVersion = 16.0.30204.135
MinimumVisualStudioVersion = 10.0.40219.1
Project("{8BC9CEB8-8B4A-11D0-8D11-00A0C91BC942}") = "VisiTree", "VisiTree\VisiTree.vcxproj", "{F0DC16FB-2D3E-4D1B-AE90-A90A132329B4}"
EndProject
Project("{8BC9CEB8-8B4A-11D0-8D11-00A0C91BC942}") = "BobMarleyTheGod", "BobMarleyTheGod\BobMarleyTheGod.vcxproj", "{F933093D-A43F-4B6E-9FB1-7621C29C527F}"
EndProject
Project("{8BC9CEB8-8B4A-11D0-8D11-00A0C91BC942}") = "ChangeFileTimePS", "ChangeFileTimePS\ChangeFileTimePS.vcxproj", "{B1E5D251-63E4-4994-A6AA-7023095FE6D3}"
EndProject
Project("{8BC9CEB8-8B4A-11D0-8D11-00A0C91BC942}") = "GDesc", "GDesc\GDesc.vcxproj", "{DB78296B-66D1-43C7-99F3-841AAE510AC9}"
EndProject
Project("{8BC9CEB8-8B4A-11D0-8D11-00A0C91BC942}") = "ImageStitch", "ImageStitch\ImageStitch.vcxproj", "{C87E4603-BAC1-4ED6-A09F-90E37B03FF7C}"
EndProject
Project("{8BC9CEB8-8B4A-11D0-8D11-00A0C91BC942}") = "ConsoleDemo", "ConsoleDemo\ConsoleDemo.vcxproj", "{AF049352-F1EB-43C9-B780-0B3C6784EE05}"
	ProjectSection(ProjectDependencies) = postProject
		{74AD6959-07CD-4FC1-9FAD-A3D1FF053EE3} = {74AD6959-07CD-4FC1-9FAD-A3D1FF053EE3}
	EndProjectSection
EndProject
Project("{8BC9CEB8-8B4A-11D0-8D11-00A0C91BC942}") = "DynamicLibraryDemo", "DynamicLibraryDemo\DynamicLibraryDemo.vcxproj", "{74AD6959-07CD-4FC1-9FAD-A3D1FF053EE3}"
EndProject
Project("{8BC9CEB8-8B4A-11D0-8D11-00A0C91BC942}") = "StaticLibraryDemo", "StaticLibraryDemo\StaticLibraryDemo.vcxproj", "{8A520F72-6405-4620-8D8B-F78D9FB99299}"
EndProject
Project("{8BC9CEB8-8B4A-11D0-8D11-00A0C91BC942}") = "WinObj", "WinObj\WinObj.vcxproj", "{1B1BB78F-C09C-48FB-8312-79DF14235886}"
EndProject
Project("{8BC9CEB8-8B4A-11D0-8D11-00A0C91BC942}") = "WinObjCommCtrl", "WinObjCommCtrl\WinObjCommCtrl.vcxproj", "{1692AEC0-C848-49D8-A0AB-99A8763C9096}"
EndProject
Project("{8BC9CEB8-8B4A-11D0-8D11-00A0C91BC942}") = "WinObjCommDlg", "WinObjCommDlg\WinObjCommDlg.vcxproj", "{26B9AB78-3C5B-4F84-B928-392A209059B9}"
EndProject
Global
	GlobalSection(SolutionConfigurationPlatforms) = preSolution
		Debug|x64 = Debug|x64
		Debug|x86 = Debug|x86
		Release|x64 = Release|x64
		Release|x86 = Release|x86
	EndGlobalSection
	GlobalSection(ProjectConfigurationPlatforms) = postSolution
		{F0DC16FB-2D3E-4D1B-AE90-A90A132329B4}.Debug|x64.ActiveCfg = Debug|x64
		{F0DC16FB-2D3E-4D1B-AE90-A90A132329B4}.Debug|x64.Build.0 = Debug|x64
		{F0DC16FB-2D3E-4D1B-AE90-A90A132329B4}.Debug|x86.ActiveCfg = Debug|Win32
		{F0DC16FB-2D3E-4D1B-AE90-A90A132329B4}.Debug|x86.Build.0 = Debug|Win32
		{F0DC16FB-2D3E-4D1B-AE90-A90A132329B4}.Release|x64.ActiveCfg = Release|x64
		{F0DC16FB-2D3E-4D1B-AE90-A90A132329B4}.Release|x64.Build.0 = Release|x64
		{F0DC16FB-2D3E-4D1B-AE90-A90A132329B4}.Release|x86.ActiveCfg = Release|Win32
		{F0DC16FB-2D3E-4D1B-AE90-A90A132329B4}.Release|x86.Build.0 = Release|Win32
		{F933093D-A43F-4B6E-9FB1-7621C29C527F}.Debug|x64.ActiveCfg = Debug|x64
		{F933093D-A43F-4B6E-9FB1-7621C29C527F}.Debug|x64.Build.0 = Debug|x64
		{F933093D-A43F-4B6E-9FB1-7621C29C527F}.Debug|x86.ActiveCfg = Debug|Win32
		{F933093D-A43F-4B6E-9FB1-7621C29C527F}.Debug|x86.Build.0 = Debug|Win32
		{F933093D-A43F-4B6E-9FB1-7621C29C527F}.Release|x64.ActiveCfg = Release|x64
		{F933093D-A43F-4B6E-9FB1-7621C29C527F}.Release|x64.Build.0 = Release|x64
		{F933093D-A43F-4B6E-9FB1-7621C29C527F}.Release|x86.ActiveCfg = Release|Win32
		{F933093D-A43F-4B6E-9FB1-7621C29C527F}.Release|x86.Build.0 = Release|Win32
		{B1E5D251-63E4-4994-A6AA-7023095FE6D3}.Debug|x64.ActiveCfg = Debug|x64
		{B1E5D251-63E4-4994-A6AA-7023095FE6D3}.Debug|x64.Build.0 = Debug|x64
		{B1E5D251-63E4-4994-A6AA-7023095FE6D3}.Debug|x86.ActiveCfg = Debug|Win32
		{B1E5D251-63E4-4994-A6AA-7023095FE6D3}.Debug|x86.Build.0 = Debug|Win32
		{B1E5D251-63E4-4994-A6AA-7023095FE6D3}.Release|x64.ActiveCfg = Release|x64
		{B1E5D251-63E4-4994-A6AA-7023095FE6D3}.Release|x64.Build.0 = Release|x64
		{B1E5D251-63E4-4994-A6AA-7023095FE6D3}.Release|x86.ActiveCfg = Release|Win32
		{B1E5D251-63E4-4994-A6AA-7023095FE6D3}.Release|x86.Build.0 = Release|Win32
		{DB78296B-66D1-43C7-99F3-841AAE510AC9}.Debug|x64.ActiveCfg = Debug|x64
		{DB78296B-66D1-43C7-99F3-841AAE510AC9}.Debug|x64.Build.0 = Debug|x64
		{DB78296B-66D1-43C7-99F3-841AAE510AC9}.Debug|x86.ActiveCfg = Debug|Win32
		{DB78296B-66D1-43C7-99F3-841AAE510AC9}.Debug|x86.Build.0 = Debug|Win32
		{DB78296B-66D1-43C7-99F3-841AAE510AC9}.Release|x64.ActiveCfg = Release|x64
		{DB78296B-66D1-43C7-99F3-841AAE510AC9}.Release|x64.Build.0 = Release|x64
		{DB78296B-66D1-43C7-99F3-841AAE510AC9}.Release|x86.ActiveCfg = Release|Win32
		{DB78296B-66D1-43C7-99F3-841AAE510AC9}.Release|x86.Build.0 = Release|Win32
		{C87E4603-BAC1-4ED6-A09F-90E37B03FF7C}.Debug|x64.ActiveCfg = Debug|x64
		{C87E4603-BAC1-4ED6-A09F-90E37B03FF7C}.Debug|x64.Build.0 = Debug|x64
		{C87E4603-BAC1-4ED6-A09F-90E37B03FF7C}.Debug|x86.ActiveCfg = Debug|Win32
		{C87E4603-BAC1-4ED6-A09F-90E37B03FF7C}.Debug|x86.Build.0 = Debug|Win32
		{C87E4603-BAC1-4ED6-A09F-90E37B03FF7C}.Release|x64.ActiveCfg = Release|x64
		{C87E4603-BAC1-4ED6-A09F-90E37B03FF7C}.Release|x64.Build.0 = Release|x64
		{C87E4603-BAC1-4ED6-A09F-90E37B03FF7C}.Release|x86.ActiveCfg = Release|Win32
		{C87E4603-BAC1-4ED6-A09F-90E37B03FF7C}.Release|x86.Build.0 = Release|Win32
		{AF049352-F1EB-43C9-B780-0B3C6784EE05}.Debug|x64.ActiveCfg = Debug|x64
		{AF049352-F1EB-43C9-B780-0B3C6784EE05}.Debug|x64.Build.0 = Debug|x64
		{AF049352-F1EB-43C9-B780-0B3C6784EE05}.Debug|x86.ActiveCfg = Debug|Win32
		{AF049352-F1EB-43C9-B780-0B3C6784EE05}.Debug|x86.Build.0 = Debug|Win32
		{AF049352-F1EB-43C9-B780-0B3C6784EE05}.Release|x64.ActiveCfg = Release|x64
		{AF049352-F1EB-43C9-B780-0B3C6784EE05}.Release|x64.Build.0 = Release|x64
		{AF049352-F1EB-43C9-B780-0B3C6784EE05}.Release|x86.ActiveCfg = Release|Win32
		{AF049352-F1EB-43C9-B780-0B3C6784EE05}.Release|x86.Build.0 = Release|Win32
		{74AD6959-07CD-4FC1-9FAD-A3D1FF053EE3}.Debug|x64.ActiveCfg = Debug|x64
		{74AD6959-07CD-4FC1-9FAD-A3D1FF053EE3}.Debug|x64.Build.0 = Debug|x64
		{74AD6959-07CD-4FC1-9FAD-A3D1FF053EE3}.Debug|x86.ActiveCfg = Debug|Win32
		{74AD6959-07CD-4FC1-9FAD-A3D1FF053EE3}.Debug|x86.Build.0 = Debug|Win32
		{74AD6959-07CD-4FC1-9FAD-A3D1FF053EE3}.Release|x64.ActiveCfg = Release|x64
		{74AD6959-07CD-4FC1-9FAD-A3D1FF053EE3}.Release|x64.Build.0 = Release|x64
		{74AD6959-07CD-4FC1-9FAD-A3D1FF053EE3}.Release|x86.ActiveCfg = Release|Win32
		{74AD6959-07CD-4FC1-9FAD-A3D1FF053EE3}.Release|x86.Build.0 = Release|Win32
		{8A520F72-6405-4620-8D8B-F78D9FB99299}.Debug|x64.ActiveCfg = Debug|x64
		{8A520F72-6405-4620-8D8B-F78D9FB99299}.Debug|x64.Build.0 = Debug|x64
		{8A520F72-6405-4620-8D8B-F78D9FB99299}.Debug|x86.ActiveCfg = Debug|Win32
		{8A520F72-6405-4620-8D8B-F78D9FB99299}.Debug|x86.Build.0 = Debug|Win32
		{8A520F72-6405-4620-8D8B-F78D9FB99299}.Release|x64.ActiveCfg = Release|x64
		{8A520F72-6405-4620-8D8B-F78D9FB99299}.Release|x64.Build.0 = Release|x64
		{8A520F72-6405-4620-8D8B-F78D9FB99299}.Release|x86.ActiveCfg = Release|Win32
		{8A520F72-6405-4620-8D8B-F78D9FB99299}.Release|x86.Build.0 = Release|Win32
		{1B1BB78F-C09C-48FB-8312-79DF14235886}.Debug|x64.ActiveCfg = Debug|x64
		{1B1BB78F-C09C-48FB-8312-79DF14235886}.Debug|x64.Build.0 = Debug|x64
		{1B1BB78F-C09C-48FB-8312-79DF14235886}.Debug|x86.ActiveCfg = Debug|Win32
		{1B1BB78F-C09C-48FB-8312-79DF14235886}.Debug|x86.Build.0 = Debug|Win32
		{1B1BB78F-C09C-48FB-8312-79DF14235886}.Release|x64.ActiveCfg = Release|x64
		{1B1BB78F-C09C-48FB-8312-79DF14235886}.Release|x64.Build.0 = Release|x64
		{1B1BB78F-C09C-48FB-8312-79DF14235886}.Release|x86.ActiveCfg = Release|Win32
		{1B1BB78F-C09C-48FB-8312-79DF14235886}.Release|x86.Build.0 = Release|Win32
		{1692AEC0-C848-49D8-A0AB-99A8763C9096}.Debug|x64.ActiveCfg = Debug|x64
		{1692AEC0-C848-49D8-A0AB-99A8763C9096}.Debug|x64.Build.0 = Debug|x64
		{1692AEC0-C848-49D8-A0AB-99A8763C9096}.Debug|x86.ActiveCfg = Debug|Win32
		{1692AEC0-C848-49D8-A0AB-99A8763C9096}.Debug|x86.Build.0 = Debug|Win32
		{1692AEC0-C848-49D8-A0AB-99A8763C9096}.Release|x64.ActiveCfg = Release|x64
		{1692AEC0-C848-49D8-A0AB-99A8763C9096}.Release|x64.Build.0 = Release|x64
		{1692AEC0-C848-49D8-A0AB-99A8763C9096}.Release|x86.ActiveCfg = Release|Win32
		{1692AEC0-C848-49D8-A0AB-99A8763C9096}.Release|x86.Build.0 = Release|Win32
		{26B9AB78-3C5B-4F84-B928-392A209059B9}.Debug|x64.ActiveCfg = Debug|x64
		{26B9AB78-3C5B-4F84-B928-392A209059B9}.Debug|x64.Build.0 = Debug|x64
		{26B9AB78-3C5B-4F84-B928-392A209059B9}.Debug|x86.ActiveCfg = Debug|Win32
		{26B9AB78-3C5B-4F84-B928-392A209059B9}.Debug|x86.Build.0 = Debug|Win32
		{26B9AB78-3C5B-4F84-B928-392A209059B9}.Release|x64.ActiveCfg = Release|x64
		{26B9AB78-3C5B-4F84-B928-392A209059B9}.Release|x64.Build.0 = Release|x64
		{26B9AB78-3C5B-4F84-B928-392A209059B9}.Release|x86.ActiveCfg = Release|Win32
		{26B9AB78-3C5B-4F84-B928-392A209059B9}.Release|x86.Build.0 = Release|Win32
	EndGlobalSection
	GlobalSection(SolutionProperties) = preSolution
		HideSolutionNode = FALSE
	EndGlobalSection
	GlobalSection(ExtensibilityGlobals) = postSolution
		SolutionGuid = {76CD7192-07B1-42EA-9829-6AE79B03F2F2}
	EndGlobalSection
EndGlobal
